
Microsoft Visual Studio Solution File, Format Version 12.00
# Visual Studio Version 17
VisualStudioVersion = 17.0.31903.59
MinimumVisualStudioVersion = 10.0.40219.1
Project("{FAE04EC0-301F-11D3-BF4B-00C04F79EFBC}") = "MiniGame", "MiniGame\MiniGame.csproj", "{D2D619B2-9445-43F7-A29E-A9B028255B0B}"
EndProject
Project("{FAE04EC0-301F-11D3-BF4B-00C04F79EFBC}") = "Polimorfismo", "Polimorfismo\Polimorfismo.csproj", "{A7E0AAFF-993E-4330-9190-E04F72A8E05F}"
EndProject
Project("{FAE04EC0-301F-11D3-BF4B-00C04F79EFBC}") = "OverrideVsNew", "OverrideVsNew\OverrideVsNew.csproj", "{3A7FDC11-9F54-452C-9D67-51D43C7DBAEA}"
EndProject
Project("{FAE04EC0-301F-11D3-BF4B-00C04F79EFBC}") = "ClassVsStruct", "ClassVsStruct\ClassVsStruct.csproj", "{4DFFAAA5-12F3-4E81-AA21-25723E649000}"
EndProject
Global
	GlobalSection(SolutionConfigurationPlatforms) = preSolution
		Debug|Any CPU = Debug|Any CPU
		Release|Any CPU = Release|Any CPU
	EndGlobalSection
	GlobalSection(SolutionProperties) = preSolution
		HideSolutionNode = FALSE
	EndGlobalSection
	GlobalSection(ProjectConfigurationPlatforms) = postSolution
		{D2D619B2-9445-43F7-A29E-A9B028255B0B}.Debug|Any CPU.ActiveCfg = Debug|Any CPU
		{D2D619B2-9445-43F7-A29E-A9B028255B0B}.Debug|Any CPU.Build.0 = Debug|Any CPU
		{D2D619B2-9445-43F7-A29E-A9B028255B0B}.Release|Any CPU.ActiveCfg = Release|Any CPU
		{D2D619B2-9445-43F7-A29E-A9B028255B0B}.Release|Any CPU.Build.0 = Release|Any CPU
		{A7E0AAFF-993E-4330-9190-E04F72A8E05F}.Debug|Any CPU.ActiveCfg = Debug|Any CPU
		{A7E0AAFF-993E-4330-9190-E04F72A8E05F}.Debug|Any CPU.Build.0 = Debug|Any CPU
		{A7E0AAFF-993E-4330-9190-E04F72A8E05F}.Release|Any CPU.ActiveCfg = Release|Any CPU
		{A7E0AAFF-993E-4330-9190-E04F72A8E05F}.Release|Any CPU.Build.0 = Release|Any CPU
		{3A7FDC11-9F54-452C-9D67-51D43C7DBAEA}.Debug|Any CPU.ActiveCfg = Debug|Any CPU
		{3A7FDC11-9F54-452C-9D67-51D43C7DBAEA}.Debug|Any CPU.Build.0 = Debug|Any CPU
		{3A7FDC11-9F54-452C-9D67-51D43C7DBAEA}.Release|Any CPU.ActiveCfg = Release|Any CPU
		{3A7FDC11-9F54-452C-9D67-51D43C7DBAEA}.Release|Any CPU.Build.0 = Release|Any CPU
		{4DFFAAA5-12F3-4E81-AA21-25723E649000}.Debug|Any CPU.ActiveCfg = Debug|Any CPU
		{4DFFAAA5-12F3-4E81-AA21-25723E649000}.Debug|Any CPU.Build.0 = Debug|Any CPU
		{4DFFAAA5-12F3-4E81-AA21-25723E649000}.Release|Any CPU.ActiveCfg = Release|Any CPU
		{4DFFAAA5-12F3-4E81-AA21-25723E649000}.Release|Any CPU.Build.0 = Release|Any CPU
	EndGlobalSection
EndGlobal
